// !$*UTF8*$!
{
	archiveVersion = 1;
	classes = {
	};
	objectVersion = 56;
	objects = {

/* Begin PBXBuildFile section */
		ACEA16B5292C160900A636CE /* AppDelegate.swift in Sources */ = {isa = PBXBuildFile; fileRef = ACEA16B4292C160900A636CE /* AppDelegate.swift */; };
		ACEA16B7292C160900A636CE /* SceneDelegate.swift in Sources */ = {isa = PBXBuildFile; fileRef = ACEA16B6292C160900A636CE /* SceneDelegate.swift */; };
		ACEA16BC292C160900A636CE /* Main.storyboard in Resources */ = {isa = PBXBuildFile; fileRef = ACEA16BA292C160900A636CE /* Main.storyboard */; };
		ACEA16BE292C160A00A636CE /* Assets.xcassets in Resources */ = {isa = PBXBuildFile; fileRef = ACEA16BD292C160A00A636CE /* Assets.xcassets */; };
		ACEA16C1292C160A00A636CE /* LaunchScreen.storyboard in Resources */ = {isa = PBXBuildFile; fileRef = ACEA16BF292C160A00A636CE /* LaunchScreen.storyboard */; };
		ACEA16CC292C160A00A636CE /* MatchEmNavTests.swift in Sources */ = {isa = PBXBuildFile; fileRef = ACEA16CB292C160A00A636CE /* MatchEmNavTests.swift */; };
		ACEA16D6292C160A00A636CE /* MatchEmNavUITests.swift in Sources */ = {isa = PBXBuildFile; fileRef = ACEA16D5292C160A00A636CE /* MatchEmNavUITests.swift */; };
		ACEA16D8292C160A00A636CE /* MatchEmNavUITestsLaunchTests.swift in Sources */ = {isa = PBXBuildFile; fileRef = ACEA16D7292C160A00A636CE /* MatchEmNavUITestsLaunchTests.swift */; };
		ACEA16E5292C179F00A636CE /* GameSceneViewController.swift in Sources */ = {isa = PBXBuildFile; fileRef = ACEA16E4292C179F00A636CE /* GameSceneViewController.swift */; };
		ACEA16E7292C18CA00A636CE /* NavigationViewController.swift in Sources */ = {isa = PBXBuildFile; fileRef = ACEA16E6292C18CA00A636CE /* NavigationViewController.swift */; };
/* End PBXBuildFile section */

/* Begin PBXContainerItemProxy section */
		ACEA16C8292C160A00A636CE /* PBXContainerItemProxy */ = {
			isa = PBXContainerItemProxy;
			containerPortal = ACEA16A9292C160900A636CE /* Project object */;
			proxyType = 1;
			remoteGlobalIDString = ACEA16B0292C160900A636CE;
			remoteInfo = MatchEmNav;
		};
		ACEA16D2292C160A00A636CE /* PBXContainerItemProxy */ = {
			isa = PBXContainerItemProxy;
			containerPortal = ACEA16A9292C160900A636CE /* Project object */;
			proxyType = 1;
			remoteGlobalIDString = ACEA16B0292C160900A636CE;
			remoteInfo = MatchEmNav;
		};
/* End PBXContainerItemProxy section */

/* Begin PBXFileReference section */
		ACEA16B1292C160900A636CE /* MatchEmNav.app */ = {isa = PBXFileReference; explicitFileType = wrapper.application; includeInIndex = 0; path = MatchEmNav.app; sourceTree = BUILT_PRODUCTS_DIR; };
		ACEA16B4292C160900A636CE /* AppDelegate.swift */ = {isa = PBXFileReference; lastKnownFileType = sourcecode.swift; path = AppDelegate.swift; sourceTree = "<group>"; };
		ACEA16B6292C160900A636CE /* SceneDelegate.swift */ = {isa = PBXFileReference; lastKnownFileType = sourcecode.swift; path = SceneDelegate.swift; sourceTree = "<group>"; };
		ACEA16BB292C160900A636CE /* Base */ = {isa = PBXFileReference; lastKnownFileType = file.storyboard; name = Base; path = Base.lproj/Main.storyboard; sourceTree = "<group>"; };
		ACEA16BD292C160A00A636CE /* Assets.xcassets */ = {isa = PBXFileReference; lastKnownFileType = folder.assetcatalog; path = Assets.xcassets; sourceTree = "<group>"; };
		ACEA16C0292C160A00A636CE /* Base */ = {isa = PBXFileReference; lastKnownFileType = file.storyboard; name = Base; path = Base.lproj/LaunchScreen.storyboard; sourceTree = "<group>"; };
		ACEA16C2292C160A00A636CE /* Info.plist */ = {isa = PBXFileReference; lastKnownFileType = text.plist.xml; path = Info.plist; sourceTree = "<group>"; };
		ACEA16C7292C160A00A636CE /* MatchEmNavTests.xctest */ = {isa = PBXFileReference; explicitFileType = wrapper.cfbundle; includeInIndex = 0; path = MatchEmNavTests.xctest; sourceTree = BUILT_PRODUCTS_DIR; };
		ACEA16CB292C160A00A636CE /* MatchEmNavTests.swift */ = {isa = PBXFileReference; lastKnownFileType = sourcecode.swift; path = MatchEmNavTests.swift; sourceTree = "<group>"; };
		ACEA16D1292C160A00A636CE /* MatchEmNavUITests.xctest */ = {isa = PBXFileReference; explicitFileType = wrapper.cfbundle; includeInIndex = 0; path = MatchEmNavUITests.xctest; sourceTree = BUILT_PRODUCTS_DIR; };
		ACEA16D5292C160A00A636CE /* MatchEmNavUITests.swift */ = {isa = PBXFileReference; lastKnownFileType = sourcecode.swift; path = MatchEmNavUITests.swift; sourceTree = "<group>"; };
		ACEA16D7292C160A00A636CE /* MatchEmNavUITestsLaunchTests.swift */ = {isa = PBXFileReference; lastKnownFileType = sourcecode.swift; path = MatchEmNavUITestsLaunchTests.swift; sourceTree = "<group>"; };
		ACEA16E4292C179F00A636CE /* GameSceneViewController.swift */ = {isa = PBXFileReference; fileEncoding = 4; lastKnownFileType = sourcecode.swift; path = GameSceneViewController.swift; sourceTree = "<group>"; };
		ACEA16E6292C18CA00A636CE /* NavigationViewController.swift */ = {isa = PBXFileReference; lastKnownFileType = sourcecode.swift; path = NavigationViewController.swift; sourceTree = "<group>"; };
/* End PBXFileReference section */

/* Begin PBXFrameworksBuildPhase section */
		ACEA16AE292C160900A636CE /* Frameworks */ = {
			isa = PBXFrameworksBuildPhase;
			buildActionMask = 2147483647;
			files = (
			);
			runOnlyForDeploymentPostprocessing = 0;
		};
		ACEA16C4292C160A00A636CE /* Frameworks */ = {
			isa = PBXFrameworksBuildPhase;
			buildActionMask = 2147483647;
			files = (
			);
			runOnlyForDeploymentPostprocessing = 0;
		};
		ACEA16CE292C160A00A636CE /* Frameworks */ = {
			isa = PBXFrameworksBuildPhase;
			buildActionMask = 2147483647;
			files = (
			);
			runOnlyForDeploymentPostprocessing = 0;
		};
/* End PBXFrameworksBuildPhase section */

/* Begin PBXGroup section */
		ACEA16A8292C160900A636CE = {
			isa = PBXGroup;
			children = (
				ACEA16B3292C160900A636CE /* MatchEmNav */,
				ACEA16CA292C160A00A636CE /* MatchEmNavTests */,
				ACEA16D4292C160A00A636CE /* MatchEmNavUITests */,
				ACEA16B2292C160900A636CE /* Products */,
			);
			sourceTree = "<group>";
		};
		ACEA16B2292C160900A636CE /* Products */ = {
			isa = PBXGroup;
			children = (
				ACEA16B1292C160900A636CE /* MatchEmNav.app */,
				ACEA16C7292C160A00A636CE /* MatchEmNavTests.xctest */,
				ACEA16D1292C160A00A636CE /* MatchEmNavUITests.xctest */,
			);
			name = Products;
			sourceTree = "<group>";
		};
		ACEA16B3292C160900A636CE /* MatchEmNav */ = {
			isa = PBXGroup;
			children = (
				ACEA16B4292C160900A636CE /* AppDelegate.swift */,
				ACEA16B6292C160900A636CE /* SceneDelegate.swift */,
				ACEA16BA292C160900A636CE /* Main.storyboard */,
				ACEA16BD292C160A00A636CE /* Assets.xcassets */,
				ACEA16E4292C179F00A636CE /* GameSceneViewController.swift */,
				ACEA16BF292C160A00A636CE /* LaunchScreen.storyboard */,
				ACEA16C2292C160A00A636CE /* Info.plist */,
				ACEA16E6292C18CA00A636CE /* NavigationViewController.swift */,
			);
			path = MatchEmNav;
			sourceTree = "<group>";
		};
		ACEA16CA292C160A00A636CE /* MatchEmNavTests */ = {
			isa = PBXGroup;
			children = (
				ACEA16CB292C160A00A636CE /* MatchEmNavTests.swift */,
			);
			path = MatchEmNavTests;
			sourceTree = "<group>";
		};
		ACEA16D4292C160A00A636CE /* MatchEmNavUITests */ = {
			isa = PBXGroup;
			children = (
				ACEA16D5292C160A00A636CE /* MatchEmNavUITests.swift */,
				ACEA16D7292C160A00A636CE /* MatchEmNavUITestsLaunchTests.swift */,
			);
			path = MatchEmNavUITests;
			sourceTree = "<group>";
		};
/* End PBXGroup section */

/* Begin PBXNativeTarget section */
		ACEA16B0292C160900A636CE /* MatchEmNav */ = {
			isa = PBXNativeTarget;
			buildConfigurationList = ACEA16DB292C160A00A636CE /* Build configuration list for PBXNativeTarget "MatchEmNav" */;
			buildPhases = (
				ACEA16AD292C160900A636CE /* Sources */,
				ACEA16AE292C160900A636CE /* Frameworks */,
				ACEA16AF292C160900A636CE /* Resources */,
			);
			buildRules = (
			);
			dependencies = (
			);
			name = MatchEmNav;
			productName = MatchEmNav;
			productReference = ACEA16B1292C160900A636CE /* MatchEmNav.app */;
			productType = "com.apple.product-type.application";
		};
		ACEA16C6292C160A00A636CE /* MatchEmNavTests */ = {
			isa = PBXNativeTarget;
			buildConfigurationList = ACEA16DE292C160A00A636CE /* Build configuration list for PBXNativeTarget "MatchEmNavTests" */;
			buildPhases = (
				ACEA16C3292C160A00A636CE /* Sources */,
				ACEA16C4292C160A00A636CE /* Frameworks */,
				ACEA16C5292C160A00A636CE /* Resources */,
			);
			buildRules = (
			);
			dependencies = (
				ACEA16C9292C160A00A636CE /* PBXTargetDependency */,
			);
			name = MatchEmNavTests;
			productName = MatchEmNavTests;
			productReference = ACEA16C7292C160A00A636CE /* MatchEmNavTests.xctest */;
			productType = "com.apple.product-type.bundle.unit-test";
		};
		ACEA16D0292C160A00A636CE /* MatchEmNavUITests */ = {
			isa = PBXNativeTarget;
			buildConfigurationList = ACEA16E1292C160A00A636CE /* Build configuration list for PBXNativeTarget "MatchEmNavUITests" */;
			buildPhases = (
				ACEA16CD292C160A00A636CE /* Sources */,
				ACEA16CE292C160A00A636CE /* Frameworks */,
				ACEA16CF292C160A00A636CE /* Resources */,
			);
			buildRules = (
			);
			dependencies = (
				ACEA16D3292C160A00A636CE /* PBXTargetDependency */,
			);
			name = MatchEmNavUITests;
			productName = MatchEmNavUITests;
			productReference = ACEA16D1292C160A00A636CE /* MatchEmNavUITests.xctest */;
			productType = "com.apple.product-type.bundle.ui-testing";
		};
/* End PBXNativeTarget section */

/* Begin PBXProject section */
		ACEA16A9292C160900A636CE /* Project object */ = {
			isa = PBXProject;
			attributes = {
				BuildIndependentTargetsInParallel = 1;
				LastSwiftUpdateCheck = 1410;
				LastUpgradeCheck = 1410;
				TargetAttributes = {
					ACEA16B0292C160900A636CE = {
						CreatedOnToolsVersion = 14.1;
					};
					ACEA16C6292C160A00A636CE = {
						CreatedOnToolsVersion = 14.1;
						TestTargetID = ACEA16B0292C160900A636CE;
					};
					ACEA16D0292C160A00A636CE = {
						CreatedOnToolsVersion = 14.1;
						TestTargetID = ACEA16B0292C160900A636CE;
					};
				};
			};
			buildConfigurationList = ACEA16AC292C160900A636CE /* Build configuration list for PBXProject "MatchEmNav" */;
			compatibilityVersion = "Xcode 14.0";
			developmentRegion = en;
			hasScannedForEncodings = 0;
			knownRegions = (
				en,
				Base,
			);
			mainGroup = ACEA16A8292C160900A636CE;
			productRefGroup = ACEA16B2292C160900A636CE /* Products */;
			projectDirPath = "";
			projectRoot = "";
			targets = (
				ACEA16B0292C160900A636CE /* MatchEmNav */,
				ACEA16C6292C160A00A636CE /* MatchEmNavTests */,
				ACEA16D0292C160A00A636CE /* MatchEmNavUITests */,
			);
		};
/* End PBXProject section */

/* Begin PBXResourcesBuildPhase section */
		ACEA16AF292C160900A636CE /* Resources */ = {
			isa = PBXResourcesBuildPhase;
			buildActionMask = 2147483647;
			files = (
				ACEA16C1292C160A00A636CE /* LaunchScreen.storyboard in Resources */,
				ACEA16BE292C160A00A636CE /* Assets.xcassets in Resources */,
				ACEA16BC292C160900A636CE /* Main.storyboard in Resources */,
			);
			runOnlyForDeploymentPostprocessing = 0;
		};
		ACEA16C5292C160A00A636CE /* Resources */ = {
			isa = PBXResourcesBuildPhase;
			buildActionMask = 2147483647;
			files = (
			);
			runOnlyForDeploymentPostprocessing = 0;
		};
		ACEA16CF292C160A00A636CE /* Resources */ = {
			isa = PBXResourcesBuildPhase;
			buildActionMask = 2147483647;
			files = (
			);
			runOnlyForDeploymentPostprocessing = 0;
		};
/* End PBXResourcesBuildPhase section */

/* Begin PBXSourcesBuildPhase section */
		ACEA16AD292C160900A636CE /* Sources */ = {
			isa = PBXSourcesBuildPhase;
			buildActionMask = 2147483647;
			files = (
				ACEA16E7292C18CA00A636CE /* NavigationViewController.swift in Sources */,
				ACEA16B5292C160900A636CE /* AppDelegate.swift in Sources */,
				ACEA16E5292C179F00A636CE /* GameSceneViewController.swift in Sources */,
				ACEA16B7292C160900A636CE /* SceneDelegate.swift in Sources */,
			);
			runOnlyForDeploymentPostprocessing = 0;
		};
		ACEA16C3292C160A00A636CE /* Sources */ = {
			isa = PBXSourcesBuildPhase;
			buildActionMask = 2147483647;
			files = (
				ACEA16CC292C160A00A636CE /* MatchEmNavTests.swift in Sources */,
			);
			runOnlyForDeploymentPostprocessing = 0;
		};
		ACEA16CD292C160A00A636CE /* Sources */ = {
			isa = PBXSourcesBuildPhase;
			buildActionMask = 2147483647;
			files = (
				ACEA16D8292C160A00A636CE /* MatchEmNavUITestsLaunchTests.swift in Sources */,
				ACEA16D6292C160A00A636CE /* MatchEmNavUITests.swift in Sources */,
			);
			runOnlyForDeploymentPostprocessing = 0;
		};
/* End PBXSourcesBuildPhase section */

/* Begin PBXTargetDependency section */
		ACEA16C9292C160A00A636CE /* PBXTargetDependency */ = {
			isa = PBXTargetDependency;
			target = ACEA16B0292C160900A636CE /* MatchEmNav */;
			targetProxy = ACEA16C8292C160A00A636CE /* PBXContainerItemProxy */;
		};
		ACEA16D3292C160A00A636CE /* PBXTargetDependency */ = {
			isa = PBXTargetDependency;
			target = ACEA16B0292C160900A636CE /* MatchEmNav */;
			targetProxy = ACEA16D2292C160A00A636CE /* PBXContainerItemProxy */;
		};
/* End PBXTargetDependency section */

/* Begin PBXVariantGroup section */
		ACEA16BA292C160900A636CE /* Main.storyboard */ = {
			isa = PBXVariantGroup;
			children = (
				ACEA16BB292C160900A636CE /* Base */,
			);
			name = Main.storyboard;
			sourceTree = "<group>";
		};
		ACEA16BF292C160A00A636CE /* LaunchScreen.storyboard */ = {
			isa = PBXVariantGroup;
			children = (
				ACEA16C0292C160A00A636CE /* Base */,
			);
			name = LaunchScreen.storyboard;
			sourceTree = "<group>";
		};
/* End PBXVariantGroup section */

/* Begin XCBuildConfiguration section */
		ACEA16D9292C160A00A636CE /* Debug */ = {
			isa = XCBuildConfiguration;
			buildSettings = {
				ALWAYS_SEARCH_USER_PATHS = NO;
				CLANG_ANALYZER_NONNULL = YES;
				CLANG_ANALYZER_NUMBER_OBJECT_CONVERSION = YES_AGGRESSIVE;
				CLANG_CXX_LANGUAGE_STANDARD = "gnu++20";
				CLANG_ENABLE_MODULES = YES;
				CLANG_ENABLE_OBJC_ARC = YES;
				CLANG_ENABLE_OBJC_WEAK = YES;
				CLANG_WARN_BLOCK_CAPTURE_AUTORELEASING = YES;
				CLANG_WARN_BOOL_CONVERSION = YES;
				CLANG_WARN_COMMA = YES;
				CLANG_WARN_CONSTANT_CONVERSION = YES;
				CLANG_WARN_DEPRECATED_OBJC_IMPLEMENTATIONS = YES;
				CLANG_WARN_DIRECT_OBJC_ISA_USAGE = YES_ERROR;
				CLANG_WARN_DOCUMENTATION_COMMENTS = YES;
				CLANG_WARN_EMPTY_BODY = YES;
				CLANG_WARN_ENUM_CONVERSION = YES;
				CLANG_WARN_INFINITE_RECURSION = YES;
				CLANG_WARN_INT_CONVERSION = YES;
				CLANG_WARN_NON_LITERAL_NULL_CONVERSION = YES;
				CLANG_WARN_OBJC_IMPLICIT_RETAIN_SELF = YES;
				CLANG_WARN_OBJC_LITERAL_CONVERSION = YES;
				CLANG_WARN_OBJC_ROOT_CLASS = YES_ERROR;
				CLANG_WARN_QUOTED_INCLUDE_IN_FRAMEWORK_HEADER = YES;
				CLANG_WARN_RANGE_LOOP_ANALYSIS = YES;
				CLANG_WARN_STRICT_PROTOTYPES = YES;
				CLANG_WARN_SUSPICIOUS_MOVE = YES;
				CLANG_WARN_UNGUARDED_AVAILABILITY = YES_AGGRESSIVE;
				CLANG_WARN_UNREACHABLE_CODE = YES;
				CLANG_WARN__DUPLICATE_METHOD_MATCH = YES;
				COPY_PHASE_STRIP = NO;
				DEBUG_INFORMATION_FORMAT = dwarf;
				ENABLE_STRICT_OBJC_MSGSEND = YES;
				ENABLE_TESTABILITY = YES;
				GCC_C_LANGUAGE_STANDARD = gnu11;
				GCC_DYNAMIC_NO_PIC = NO;
				GCC_NO_COMMON_BLOCKS = YES;
				GCC_OPTIMIZATION_LEVEL = 0;
				GCC_PREPROCESSOR_DEFINITIONS = (
					"DEBUG=1",
					"$(inherited)",
				);
				GCC_WARN_64_TO_32_BIT_CONVERSION = YES;
				GCC_WARN_ABOUT_RETURN_TYPE = YES_ERROR;
				GCC_WARN_UNDECLARED_SELECTOR = YES;
				GCC_WARN_UNINITIALIZED_AUTOS = YES_AGGRESSIVE;
				GCC_WARN_UNUSED_FUNCTION = YES;
				GCC_WARN_UNUSED_VARIABLE = YES;
				IPHONEOS_DEPLOYMENT_TARGET = 16.1;
				MTL_ENABLE_DEBUG_INFO = INCLUDE_SOURCE;
				MTL_FAST_MATH = YES;
				ONLY_ACTIVE_ARCH = YES;
				SDKROOT = iphoneos;
				SWIFT_ACTIVE_COMPILATION_CONDITIONS = DEBUG;
				SWIFT_OPTIMIZATION_LEVEL = "-Onone";
			};
			name = Debug;
		};
		ACEA16DA292C160A00A636CE /* Release */ = {
			isa = XCBuildConfiguration;
			buildSettings = {
				ALWAYS_SEARCH_USER_PATHS = NO;
				CLANG_ANALYZER_NONNULL = YES;
				CLANG_ANALYZER_NUMBER_OBJECT_CONVERSION = YES_AGGRESSIVE;
				CLANG_CXX_LANGUAGE_STANDARD = "gnu++20";
				CLANG_ENABLE_MODULES = YES;
				CLANG_ENABLE_OBJC_ARC = YES;
				CLANG_ENABLE_OBJC_WEAK = YES;
				CLANG_WARN_BLOCK_CAPTURE_AUTORELEASING = YES;
				CLANG_WARN_BOOL_CONVERSION = YES;
				CLANG_WARN_COMMA = YES;
				CLANG_WARN_CONSTANT_CONVERSION = YES;
				CLANG_WARN_DEPRECATED_OBJC_IMPLEMENTATIONS = YES;
				CLANG_WARN_DIRECT_OBJC_ISA_USAGE = YES_ERROR;
				CLANG_WARN_DOCUMENTATION_COMMENTS = YES;
				CLANG_WARN_EMPTY_BODY = YES;
				CLANG_WARN_ENUM_CONVERSION = YES;
				CLANG_WARN_INFINITE_RECURSION = YES;
				CLANG_WARN_INT_CONVERSION = YES;
				CLANG_WARN_NON_LITERAL_NULL_CONVERSION = YES;
				CLANG_WARN_OBJC_IMPLICIT_RETAIN_SELF = YES;
				CLANG_WARN_OBJC_LITERAL_CONVERSION = YES;
				CLANG_WARN_OBJC_ROOT_CLASS = YES_ERROR;
				CLANG_WARN_QUOTED_INCLUDE_IN_FRAMEWORK_HEADER = YES;
				CLANG_WARN_RANGE_LOOP_ANALYSIS = YES;
				CLANG_WARN_STRICT_PROTOTYPES = YES;
				CLANG_WARN_SUSPICIOUS_MOVE = YES;
				CLANG_WARN_UNGUARDED_AVAILABILITY = YES_AGGRESSIVE;
				CLANG_WARN_UNREACHABLE_CODE = YES;
				CLANG_WARN__DUPLICATE_METHOD_MATCH = YES;
				COPY_PHASE_STRIP = NO;
				DEBUG_INFORMATION_FORMAT = "dwarf-with-dsym";
				ENABLE_NS_ASSERTIONS = NO;
				ENABLE_STRICT_OBJC_MSGSEND = YES;
				GCC_C_LANGUAGE_STANDARD = gnu11;
				GCC_NO_COMMON_BLOCKS = YES;
				GCC_WARN_64_TO_32_BIT_CONVERSION = YES;
				GCC_WARN_ABOUT_RETURN_TYPE = YES_ERROR;
				GCC_WARN_UNDECLARED_SELECTOR = YES;
				GCC_WARN_UNINITIALIZED_AUTOS = YES_AGGRESSIVE;
				GCC_WARN_UNUSED_FUNCTION = YES;
				GCC_WARN_UNUSED_VARIABLE = YES;
				IPHONEOS_DEPLOYMENT_TARGET = 16.1;
				MTL_ENABLE_DEBUG_INFO = NO;
				MTL_FAST_MATH = YES;
				SDKROOT = iphoneos;
				SWIFT_COMPILATION_MODE = wholemodule;
				SWIFT_OPTIMIZATION_LEVEL = "-O";
				VALIDATE_PRODUCT = YES;
			};
			name = Release;
		};
		ACEA16DC292C160A00A636CE /* Debug */ = {
			isa = XCBuildConfiguration;
			buildSettings = {
				ASSETCATALOG_COMPILER_APPICON_NAME = AppIcon;
				ASSETCATALOG_COMPILER_GLOBAL_ACCENT_COLOR_NAME = AccentColor;
				CODE_SIGN_STYLE = Automatic;
				CURRENT_PROJECT_VERSION = 1;
				DEVELOPMENT_TEAM = 9U25VMAL9V;
				GENERATE_INFOPLIST_FILE = YES;
				INFOPLIST_FILE = MatchEmNav/Info.plist;
				INFOPLIST_KEY_UIApplicationSupportsIndirectInputEvents = YES;
				INFOPLIST_KEY_UILaunchStoryboardName = LaunchScreen;
				INFOPLIST_KEY_UIMainStoryboardFile = Main;
				INFOPLIST_KEY_UISupportedInterfaceOrientations = "UIInterfaceOrientationLandscapeLeft UIInterfaceOrientationLandscapeRight UIInterfaceOrientationPortrait";
				INFOPLIST_KEY_UISupportedInterfaceOrientations_iPad = "UIInterfaceOrientationPortrait UIInterfaceOrientationPortraitUpsideDown";
				LD_RUNPATH_SEARCH_PATHS = (
					"$(inherited)",
					"@executable_path/Frameworks",
				);
				MARKETING_VERSION = 1.0;
				PRODUCT_BUNDLE_IDENTIFIER = tstein9.MatchEmNav;
				PRODUCT_NAME = "$(TARGET_NAME)";
				SWIFT_EMIT_LOC_STRINGS = YES;
				SWIFT_VERSION = 5.0;
				TARGETED_DEVICE_FAMILY = "1,2";
			};
			name = Debug;
		};
		ACEA16DD292C160A00A636CE /* Release */ = {
			isa = XCBuildConfiguration;
			buildSettings = {
				ASSETCATALOG_COMPILER_APPICON_NAME = AppIcon;
				ASSETCATALOG_COMPILER_GLOBAL_ACCENT_COLOR_NAME = AccentColor;
				CODE_SIGN_STYLE = Automatic;
				CURRENT_PROJECT_VERSION = 1;
				DEVELOPMENT_TEAM = 9U25VMAL9V;
				GENERATE_INFOPLIST_FILE = YES;
				INFOPLIST_FILE = MatchEmNav/Info.plist;
				INFOPLIST_KEY_UIApplicationSupportsIndirectInputEvents = YES;
				INFOPLIST_KEY_UILaunchStoryboardName = LaunchScreen;
				INFOPLIST_KEY_UIMainStoryboardFile = Main;
				INFOPLIST_KEY_UISupportedInterfaceOrientations = "UIInterfaceOrientationLandscapeLeft UIInterfaceOrientationLandscapeRight UIInterfaceOrientationPortrait";
				INFOPLIST_KEY_UISupportedInterfaceOrientations_iPad = "UIInterfaceOrientationPortrait UIInterfaceOrientationPortraitUpsideDown";
				LD_RUNPATH_SEARCH_PATHS = (
					"$(inherited)",
					"@executable_path/Frameworks",
				);
				MARKETING_VERSION = 1.0;
				PRODUCT_BUNDLE_IDENTIFIER = tstein9.MatchEmNav;
				PRODUCT_NAME = "$(TARGET_NAME)";
				SWIFT_EMIT_LOC_STRINGS = YES;
				SWIFT_VERSION = 5.0;
				TARGETED_DEVICE_FAMILY = "1,2";
			};
			name = Release;
		};
		ACEA16DF292C160A00A636CE /* Debug */ = {
			isa = XCBuildConfiguration;
			buildSettings = {
				ALWAYS_EMBED_SWIFT_STANDARD_LIBRARIES = YES;
				BUNDLE_LOADER = "$(TEST_HOST)";
				CODE_SIGN_STYLE = Automatic;
				CURRENT_PROJECT_VERSION = 1;
				DEVELOPMENT_TEAM = 9U25VMAL9V;
				GENERATE_INFOPLIST_FILE = YES;
				IPHONEOS_DEPLOYMENT_TARGET = 16.1;
				MARKETING_VERSION = 1.0;
				PRODUCT_BUNDLE_IDENTIFIER = tstein9.MatchEmNavTests;
				PRODUCT_NAME = "$(TARGET_NAME)";
				SWIFT_EMIT_LOC_STRINGS = NO;
				SWIFT_VERSION = 5.0;
				TARGETED_DEVICE_FAMILY = "1,2";
				TEST_HOST = "$(BUILT_PRODUCTS_DIR)/MatchEmNav.app/$(BUNDLE_EXECUTABLE_FOLDER_PATH)/MatchEmNav";
			};
			name = Debug;
		};
		ACEA16E0292C160A00A636CE /* Release */ = {
			isa = XCBuildConfiguration;
			buildSettings = {
				ALWAYS_EMBED_SWIFT_STANDARD_LIBRARIES = YES;
				BUNDLE_LOADER = "$(TEST_HOST)";
				CODE_SIGN_STYLE = Automatic;
				CURRENT_PROJECT_VERSION = 1;
				DEVELOPMENT_TEAM = 9U25VMAL9V;
				GENERATE_INFOPLIST_FILE = YES;
				IPHONEOS_DEPLOYMENT_TARGET = 16.1;
				MARKETING_VERSION = 1.0;
				PRODUCT_BUNDLE_IDENTIFIER = tstein9.MatchEmNavTests;
				PRODUCT_NAME = "$(TARGET_NAME)";
				SWIFT_EMIT_LOC_STRINGS = NO;
				SWIFT_VERSION = 5.0;
				TARGETED_DEVICE_FAMILY = "1,2";
				TEST_HOST = "$(BUILT_PRODUCTS_DIR)/MatchEmNav.app/$(BUNDLE_EXECUTABLE_FOLDER_PATH)/MatchEmNav";
			};
			name = Release;
		};
		ACEA16E2292C160A00A636CE /* Debug */ = {
			isa = XCBuildConfiguration;
			buildSettings = {
				ALWAYS_EMBED_SWIFT_STANDARD_LIBRARIES = YES;
				CODE_SIGN_STYLE = Automatic;
				CURRENT_PROJECT_VERSION = 1;
				DEVELOPMENT_TEAM = 9U25VMAL9V;
				GENERATE_INFOPLIST_FILE = YES;
				MARKETING_VERSION = 1.0;
				PRODUCT_BUNDLE_IDENTIFIER = tstein9.MatchEmNavUITests;
				PRODUCT_NAME = "$(TARGET_NAME)";
				SWIFT_EMIT_LOC_STRINGS = NO;
				SWIFT_VERSION = 5.0;
				TARGETED_DEVICE_FAMILY = "1,2";
				TEST_TARGET_NAME = MatchEmNav;
			};
			name = Debug;
		};
		ACEA16E3292C160A00A636CE /* Release */ = {
			isa = XCBuildConfiguration;
			buildSettings = {
				ALWAYS_EMBED_SWIFT_STANDARD_LIBRARIES = YES;
				CODE_SIGN_STYLE = Automatic;
				CURRENT_PROJECT_VERSION = 1;
				DEVELOPMENT_TEAM = 9U25VMAL9V;
				GENERATE_INFOPLIST_FILE = YES;
				MARKETING_VERSION = 1.0;
				PRODUCT_BUNDLE_IDENTIFIER = tstein9.MatchEmNavUITests;
				PRODUCT_NAME = "$(TARGET_NAME)";
				SWIFT_EMIT_LOC_STRINGS = NO;
				SWIFT_VERSION = 5.0;
				TARGETED_DEVICE_FAMILY = "1,2";
				TEST_TARGET_NAME = MatchEmNav;
			};
			name = Release;
		};
/* End XCBuildConfiguration section */

/* Begin XCConfigurationList section */
		ACEA16AC292C160900A636CE /* Build configuration list for PBXProject "MatchEmNav" */ = {
			isa = XCConfigurationList;
			buildConfigurations = (
				ACEA16D9292C160A00A636CE /* Debug */,
				ACEA16DA292C160A00A636CE /* Release */,
			);
			defaultConfigurationIsVisible = 0;
			defaultConfigurationName = Release;
		};
		ACEA16DB292C160A00A636CE /* Build configuration list for PBXNativeTarget "MatchEmNav" */ = {
			isa = XCConfigurationList;
			buildConfigurations = (
				ACEA16DC292C160A00A636CE /* Debug */,
				ACEA16DD292C160A00A636CE /* Release */,
			);
			defaultConfigurationIsVisible = 0;
			defaultConfigurationName = Release;
		};
		ACEA16DE292C160A00A636CE /* Build configuration list for PBXNativeTarget "MatchEmNavTests" */ = {
			isa = XCConfigurationList;
			buildConfigurations = (
				ACEA16DF292C160A00A636CE /* Debug */,
				ACEA16E0292C160A00A636CE /* Release */,
			);
			defaultConfigurationIsVisible = 0;
			defaultConfigurationName = Release;
		};
		ACEA16E1292C160A00A636CE /* Build configuration list for PBXNativeTarget "MatchEmNavUITests" */ = {
			isa = XCConfigurationList;
			buildConfigurations = (
				ACEA16E2292C160A00A636CE /* Debug */,
				ACEA16E3292C160A00A636CE /* Release */,
			);
			defaultConfigurationIsVisible = 0;
			defaultConfigurationName = Release;
		};
/* End XCConfigurationList section */
	};
	rootObject = ACEA16A9292C160900A636CE /* Project object */;
}
